
Microsoft Visual Studio Solution File, Format Version 12.00
# Visual Studio 15
VisualStudioVersion = 15.0.28307.779
MinimumVisualStudioVersion = 10.0.40219.1
Project("{FAE04EC0-301F-11D3-BF4B-00C04F79EFBC}") = "CarInsurance", "CarInsurance\CarInsurance.csproj", "{5A748F00-4256-42CB-9260-D609B8398B50}"
EndProject
Global
	GlobalSection(SolutionConfigurationPlatforms) = preSolution
		Debug|Any CPU = Debug|Any CPU
		Release|Any CPU = Release|Any CPU
	EndGlobalSection
	GlobalSection(ProjectConfigurationPlatforms) = postSolution
		{5A748F00-4256-42CB-9260-D609B8398B50}.Debug|Any CPU.ActiveCfg = Debug|Any CPU
		{5A748F00-4256-42CB-9260-D609B8398B50}.Debug|Any CPU.Build.0 = Debug|Any CPU
		{5A748F00-4256-42CB-9260-D609B8398B50}.Release|Any CPU.ActiveCfg = Release|Any CPU
		{5A748F00-4256-42CB-9260-D609B8398B50}.Release|Any CPU.Build.0 = Release|Any CPU
	EndGlobalSection
	GlobalSection(SolutionProperties) = preSolution
		HideSolutionNode = FALSE
	EndGlobalSection
	GlobalSection(ExtensibilityGlobals) = postSolution
		SolutionGuid = {4D45D7F2-A2CD-4495-88F7-B18C03BBF708}
	EndGlobalSection
EndGlobal
