
Microsoft Visual Studio Solution File, Format Version 12.00
# Visual Studio 15
VisualStudioVersion = 15.0.28307.779
MinimumVisualStudioVersion = 10.0.40219.1
Project("{FAE04EC0-301F-11D3-BF4B-00C04F79EFBC}") = "TwentyOne", "TwentyOne\TwentyOne.csproj", "{C8CDBE46-8AED-464B-A847-27C468585E8E}"
EndProject
Project("{FAE04EC0-301F-11D3-BF4B-00C04F79EFBC}") = "Casino", "..\TwentyOne_Library\Casino\Casino.csproj", "{B3B06062-8C0F-41CB-AB80-1C95B457587F}"
EndProject
Global
	GlobalSection(SolutionConfigurationPlatforms) = preSolution
		Debug|Any CPU = Debug|Any CPU
		Release|Any CPU = Release|Any CPU
	EndGlobalSection
	GlobalSection(ProjectConfigurationPlatforms) = postSolution
		{C8CDBE46-8AED-464B-A847-27C468585E8E}.Debug|Any CPU.ActiveCfg = Debug|Any CPU
		{C8CDBE46-8AED-464B-A847-27C468585E8E}.Debug|Any CPU.Build.0 = Debug|Any CPU
		{C8CDBE46-8AED-464B-A847-27C468585E8E}.Release|Any CPU.ActiveCfg = Release|Any CPU
		{C8CDBE46-8AED-464B-A847-27C468585E8E}.Release|Any CPU.Build.0 = Release|Any CPU
		{B3B06062-8C0F-41CB-AB80-1C95B457587F}.Debug|Any CPU.ActiveCfg = Debug|Any CPU
		{B3B06062-8C0F-41CB-AB80-1C95B457587F}.Debug|Any CPU.Build.0 = Debug|Any CPU
		{B3B06062-8C0F-41CB-AB80-1C95B457587F}.Release|Any CPU.ActiveCfg = Release|Any CPU
		{B3B06062-8C0F-41CB-AB80-1C95B457587F}.Release|Any CPU.Build.0 = Release|Any CPU
	EndGlobalSection
	GlobalSection(SolutionProperties) = preSolution
		HideSolutionNode = FALSE
	EndGlobalSection
	GlobalSection(ExtensibilityGlobals) = postSolution
		SolutionGuid = {E8A0EAF6-A5BD-4CFD-B581-CEB198E87C7E}
	EndGlobalSection
EndGlobal
