
Microsoft Visual Studio Solution File, Format Version 12.00
# Visual Studio 15
VisualStudioVersion = 15.0.28307.779
MinimumVisualStudioVersion = 10.0.40219.1
Project("{FAE04EC0-301F-11D3-BF4B-00C04F79EFBC}") = "Lambda_1", "Lambda_1\Lambda_1.csproj", "{27406F54-29A5-490D-8019-E9F30CD4220A}"
EndProject
Global
	GlobalSection(SolutionConfigurationPlatforms) = preSolution
		Debug|Any CPU = Debug|Any CPU
		Release|Any CPU = Release|Any CPU
	EndGlobalSection
	GlobalSection(ProjectConfigurationPlatforms) = postSolution
		{27406F54-29A5-490D-8019-E9F30CD4220A}.Debug|Any CPU.ActiveCfg = Debug|Any CPU
		{27406F54-29A5-490D-8019-E9F30CD4220A}.Debug|Any CPU.Build.0 = Debug|Any CPU
		{27406F54-29A5-490D-8019-E9F30CD4220A}.Release|Any CPU.ActiveCfg = Release|Any CPU
		{27406F54-29A5-490D-8019-E9F30CD4220A}.Release|Any CPU.Build.0 = Release|Any CPU
	EndGlobalSection
	GlobalSection(SolutionProperties) = preSolution
		HideSolutionNode = FALSE
	EndGlobalSection
	GlobalSection(ExtensibilityGlobals) = postSolution
		SolutionGuid = {12E807AD-15ED-4983-A5F5-0C2714440237}
	EndGlobalSection
EndGlobal
