
Microsoft Visual Studio Solution File, Format Version 12.00
# Visual Studio 15
VisualStudioVersion = 15.0.28307.779
MinimumVisualStudioVersion = 10.0.40219.1
Project("{FAE04EC0-301F-11D3-BF4B-00C04F79EFBC}") = "DateTime_1", "DateTime_1\DateTime_1.csproj", "{DEC3981D-B61B-4DF3-8FFE-9998AAD02517}"
EndProject
Global
	GlobalSection(SolutionConfigurationPlatforms) = preSolution
		Debug|Any CPU = Debug|Any CPU
		Release|Any CPU = Release|Any CPU
	EndGlobalSection
	GlobalSection(ProjectConfigurationPlatforms) = postSolution
		{DEC3981D-B61B-4DF3-8FFE-9998AAD02517}.Debug|Any CPU.ActiveCfg = Debug|Any CPU
		{DEC3981D-B61B-4DF3-8FFE-9998AAD02517}.Debug|Any CPU.Build.0 = Debug|Any CPU
		{DEC3981D-B61B-4DF3-8FFE-9998AAD02517}.Release|Any CPU.ActiveCfg = Release|Any CPU
		{DEC3981D-B61B-4DF3-8FFE-9998AAD02517}.Release|Any CPU.Build.0 = Release|Any CPU
	EndGlobalSection
	GlobalSection(SolutionProperties) = preSolution
		HideSolutionNode = FALSE
	EndGlobalSection
	GlobalSection(ExtensibilityGlobals) = postSolution
		SolutionGuid = {597EA1D1-DC8B-47C8-8A3E-1255CE5DC963}
	EndGlobalSection
EndGlobal
