
Microsoft Visual Studio Solution File, Format Version 12.00
# Visual Studio 15
VisualStudioVersion = 15.0.28307.779
MinimumVisualStudioVersion = 10.0.40219.1
Project("{FAE04EC0-301F-11D3-BF4B-00C04F79EFBC}") = "ConsoleApp1", "ConsoleApp1\ConsoleApp1.csproj", "{CDD5FB26-395E-4AAC-9939-3C2317E98DF8}"
EndProject
Global
	GlobalSection(SolutionConfigurationPlatforms) = preSolution
		Debug|Any CPU = Debug|Any CPU
		Release|Any CPU = Release|Any CPU
	EndGlobalSection
	GlobalSection(ProjectConfigurationPlatforms) = postSolution
		{CDD5FB26-395E-4AAC-9939-3C2317E98DF8}.Debug|Any CPU.ActiveCfg = Debug|Any CPU
		{CDD5FB26-395E-4AAC-9939-3C2317E98DF8}.Debug|Any CPU.Build.0 = Debug|Any CPU
		{CDD5FB26-395E-4AAC-9939-3C2317E98DF8}.Release|Any CPU.ActiveCfg = Release|Any CPU
		{CDD5FB26-395E-4AAC-9939-3C2317E98DF8}.Release|Any CPU.Build.0 = Release|Any CPU
	EndGlobalSection
	GlobalSection(SolutionProperties) = preSolution
		HideSolutionNode = FALSE
	EndGlobalSection
	GlobalSection(ExtensibilityGlobals) = postSolution
		SolutionGuid = {2C441EC9-8398-46C1-832B-8DBF4A44472E}
	EndGlobalSection
EndGlobal
