
Microsoft Visual Studio Solution File, Format Version 12.00
# Visual Studio 15
VisualStudioVersion = 15.0.28307.779
MinimumVisualStudioVersion = 10.0.40219.1
Project("{FAE04EC0-301F-11D3-BF4B-00C04F79EFBC}") = "Classes_5", "Classes_5\Classes_5.csproj", "{C47FECAD-E75C-4F84-8B2C-8764C928C502}"
EndProject
Global
	GlobalSection(SolutionConfigurationPlatforms) = preSolution
		Debug|Any CPU = Debug|Any CPU
		Release|Any CPU = Release|Any CPU
	EndGlobalSection
	GlobalSection(ProjectConfigurationPlatforms) = postSolution
		{C47FECAD-E75C-4F84-8B2C-8764C928C502}.Debug|Any CPU.ActiveCfg = Debug|Any CPU
		{C47FECAD-E75C-4F84-8B2C-8764C928C502}.Debug|Any CPU.Build.0 = Debug|Any CPU
		{C47FECAD-E75C-4F84-8B2C-8764C928C502}.Release|Any CPU.ActiveCfg = Release|Any CPU
		{C47FECAD-E75C-4F84-8B2C-8764C928C502}.Release|Any CPU.Build.0 = Release|Any CPU
	EndGlobalSection
	GlobalSection(SolutionProperties) = preSolution
		HideSolutionNode = FALSE
	EndGlobalSection
	GlobalSection(ExtensibilityGlobals) = postSolution
		SolutionGuid = {CF0E0BA8-5437-44B5-9AC6-5CCF28251513}
	EndGlobalSection
EndGlobal
